# THIS IS AN AUTOGENERATED FILE. DO NOT EDIT THIS FILE DIRECTLY.
# yarn lockfile v1


eslint-plugin-angular@^4.0.1:
  version "4.0.1"
  resolved "https://registry.yarnpkg.com/eslint-plugin-angular/-/eslint-plugin-angular-4.0.1.tgz#f6c01d2a1e549d603e29eceb8615b5a989863a5e"
  integrity sha512-OaW5G461C2lIkOG+/bhnBoXB9UQm/r0Dj2Qf9uiIN0/ncvf2Llp30L0q1tqWkN8/CxyBwQKh1v0hpCLLDjaIKQ==
